
Microsoft Visual Studio Solution File, Format Version 12.00
# Visual Studio Version 17
VisualStudioVersion = 17.14.36811.4
MinimumVisualStudioVersion = 10.0.40219.1
Project("{FAE04EC0-301F-11D3-BF4B-00C04F79EFBC}") = "SalesWebMvc", "SalesWebMvc\SalesWebMvc.csproj", "{40031F4D-709F-46FA-BD76-6A13B7E74D2C}"
EndProject
Global
	GlobalSection(SolutionConfigurationPlatforms) = preSolution
		Debug|Any CPU = Debug|Any CPU
		Release|Any CPU = Release|Any CPU
	EndGlobalSection
	GlobalSection(ProjectConfigurationPlatforms) = postSolution
		{40031F4D-709F-46FA-BD76-6A13B7E74D2C}.Debug|Any CPU.ActiveCfg = Debug|Any CPU
		{40031F4D-709F-46FA-BD76-6A13B7E74D2C}.Debug|Any CPU.Build.0 = Debug|Any CPU
		{40031F4D-709F-46FA-BD76-6A13B7E74D2C}.Release|Any CPU.ActiveCfg = Release|Any CPU
		{40031F4D-709F-46FA-BD76-6A13B7E74D2C}.Release|Any CPU.Build.0 = Release|Any CPU
	EndGlobalSection
	GlobalSection(SolutionProperties) = preSolution
		HideSolutionNode = FALSE
	EndGlobalSection
	GlobalSection(ExtensibilityGlobals) = postSolution
		SolutionGuid = {B13DC9C8-8705-496D-BE97-BFD5921A1B4D}
	EndGlobalSection
EndGlobal
